// !$*UTF8*$!
{
	archiveVersion = 1;
	classes = {
	};
	objectVersion = 46;
	objects = {

/* Begin PBXBuildFile section */
		43363FCB1AEB31F000876F3C /* AppDelegate.swift in Sources */ = {isa = PBXBuildFile; fileRef = 43363FCA1AEB31F000876F3C /* AppDelegate.swift */; };
		43363FCD1AEB31F000876F3C /* ViewController.swift in Sources */ = {isa = PBXBuildFile; fileRef = 43363FCC1AEB31F000876F3C /* ViewController.swift */; };
		43363FD01AEB31F000876F3C /* Main.storyboard in Resources */ = {isa = PBXBuildFile; fileRef = 43363FCE1AEB31F000876F3C /* Main.storyboard */; };
		43363FD21AEB31F000876F3C /* Images.xcassets in Resources */ = {isa = PBXBuildFile; fileRef = 43363FD11AEB31F000876F3C /* Images.xcassets */; };
		43363FD51AEB31F000876F3C /* LaunchScreen.xib in Resources */ = {isa = PBXBuildFile; fileRef = 43363FD31AEB31F000876F3C /* LaunchScreen.xib */; };
		43363FE11AEB31F000876F3C /* MyFirstAppTests.swift in Sources */ = {isa = PBXBuildFile; fileRef = 43363FE01AEB31F000876F3C /* MyFirstAppTests.swift */; };
/* End PBXBuildFile section */

/* Begin PBXContainerItemProxy section */
		43363FDB1AEB31F000876F3C /* PBXContainerItemProxy */ = {
			isa = PBXContainerItemProxy;
			containerPortal = 43363FBD1AEB31F000876F3C /* Project object */;
			proxyType = 1;
			remoteGlobalIDString = 43363FC41AEB31F000876F3C;
			remoteInfo = MyFirstApp;
		};
/* End PBXContainerItemProxy section */

/* Begin PBXFileReference section */
		43363FC51AEB31F000876F3C /* MyFirstApp.app */ = {isa = PBXFileReference; explicitFileType = wrapper.application; includeInIndex = 0; path = MyFirstApp.app; sourceTree = BUILT_PRODUCTS_DIR; };
		43363FC91AEB31F000876F3C /* Info.plist */ = {isa = PBXFileReference; lastKnownFileType = text.plist.xml; path = Info.plist; sourceTree = "<group>"; };
		43363FCA1AEB31F000876F3C /* AppDelegate.swift */ = {isa = PBXFileReference; lastKnownFileType = sourcecode.swift; path = AppDelegate.swift; sourceTree = "<group>"; };
		43363FCC1AEB31F000876F3C /* ViewController.swift */ = {isa = PBXFileReference; lastKnownFileType = sourcecode.swift; path = ViewController.swift; sourceTree = "<group>"; };
		43363FCF1AEB31F000876F3C /* Base */ = {isa = PBXFileReference; lastKnownFileType = file.storyboard; name = Base; path = Base.lproj/Main.storyboard; sourceTree = "<group>"; };
		43363FD11AEB31F000876F3C /* Images.xcassets */ = {isa = PBXFileReference; lastKnownFileType = folder.assetcatalog; path = Images.xcassets; sourceTree = "<group>"; };
		43363FD41AEB31F000876F3C /* Base */ = {isa = PBXFileReference; lastKnownFileType = file.xib; name = Base; path = Base.lproj/LaunchScreen.xib; sourceTree = "<group>"; };
		43363FDA1AEB31F000876F3C /* MyFirstAppTests.xctest */ = {isa = PBXFileReference; explicitFileType = wrapper.cfbundle; includeInIndex = 0; path = MyFirstAppTests.xctest; sourceTree = BUILT_PRODUCTS_DIR; };
		43363FDF1AEB31F000876F3C /* Info.plist */ = {isa = PBXFileReference; lastKnownFileType = text.plist.xml; path = Info.plist; sourceTree = "<group>"; };
		43363FE01AEB31F000876F3C /* MyFirstAppTests.swift */ = {isa = PBXFileReference; lastKnownFileType = sourcecode.swift; path = MyFirstAppTests.swift; sourceTree = "<group>"; };
/* End PBXFileReference section */

/* Begin PBXFrameworksBuildPhase section */
		43363FC21AEB31F000876F3C /* Frameworks */ = {
			isa = PBXFrameworksBuildPhase;
			buildActionMask = 2147483647;
			files = (
			);
			runOnlyForDeploymentPostprocessing = 0;
		};
		43363FD71AEB31F000876F3C /* Frameworks */ = {
			isa = PBXFrameworksBuildPhase;
			buildActionMask = 2147483647;
			files = (
			);
			runOnlyForDeploymentPostprocessing = 0;
		};
/* End PBXFrameworksBuildPhase section */

/* Begin PBXGroup section */
		43363FBC1AEB31F000876F3C = {
			isa = PBXGroup;
			children = (
				43363FC71AEB31F000876F3C /* MyFirstApp */,
				43363FDD1AEB31F000876F3C /* MyFirstAppTests */,
				43363FC61AEB31F000876F3C /* Products */,
			);
			sourceTree = "<group>";
		};
		43363FC61AEB31F000876F3C /* Products */ = {
			isa = PBXGroup;
			children = (
				43363FC51AEB31F000876F3C /* MyFirstApp.app */,
				43363FDA1AEB31F000876F3C /* MyFirstAppTests.xctest */,
			);
			name = Products;
			sourceTree = "<group>";
		};
		43363FC71AEB31F000876F3C /* MyFirstApp */ = {
			isa = PBXGroup;
			children = (
				43363FCA1AEB31F000876F3C /* AppDelegate.swift */,
				43363FCC1AEB31F000876F3C /* ViewController.swift */,
				43363FCE1AEB31F000876F3C /* Main.storyboard */,
				43363FD11AEB31F000876F3C /* Images.xcassets */,
				43363FD31AEB31F000876F3C /* LaunchScreen.xib */,
				43363FC81AEB31F000876F3C /* Supporting Files */,
			);
			path = MyFirstApp;
			sourceTree = "<group>";
		};
		43363FC81AEB31F000876F3C /* Supporting Files */ = {
			isa = PBXGroup;
			children = (
				43363FC91AEB31F000876F3C /* Info.plist */,
			);
			name = "Supporting Files";
			sourceTree = "<group>";
		};
		43363FDD1AEB31F000876F3C /* MyFirstAppTests */ = {
			isa = PBXGroup;
			children = (
				43363FE01AEB31F000876F3C /* MyFirstAppTests.swift */,
				43363FDE1AEB31F000876F3C /* Supporting Files */,
			);
			path = MyFirstAppTests;
			sourceTree = "<group>";
		};
		43363FDE1AEB31F000876F3C /* Supporting Files */ = {
			isa = PBXGroup;
			children = (
				43363FDF1AEB31F000876F3C /* Info.plist */,
			);
			name = "Supporting Files";
			sourceTree = "<group>";
		};
/* End PBXGroup section */

/* Begin PBXNativeTarget section */
		43363FC41AEB31F000876F3C /* MyFirstApp */ = {
			isa = PBXNativeTarget;
			buildConfigurationList = 43363FE41AEB31F000876F3C /* Build configuration list for PBXNativeTarget "MyFirstApp" */;
			buildPhases = (
				43363FC11AEB31F000876F3C /* Sources */,
				43363FC21AEB31F000876F3C /* Frameworks */,
				43363FC31AEB31F000876F3C /* Resources */,
			);
			buildRules = (
			);
			dependencies = (
			);
			name = MyFirstApp;
			productName = MyFirstApp;
			productReference = 43363FC51AEB31F000876F3C /* MyFirstApp.app */;
			productType = "com.apple.product-type.application";
		};
		43363FD91AEB31F000876F3C /* MyFirstAppTests */ = {
			isa = PBXNativeTarget;
			buildConfigurationList = 43363FE71AEB31F000876F3C /* Build configuration list for PBXNativeTarget "MyFirstAppTests" */;
			buildPhases = (
				43363FD61AEB31F000876F3C /* Sources */,
				43363FD71AEB31F000876F3C /* Frameworks */,
				43363FD81AEB31F000876F3C /* Resources */,
			);
			buildRules = (
			);
			dependencies = (
				43363FDC1AEB31F000876F3C /* PBXTargetDependency */,
			);
			name = MyFirstAppTests;
			productName = MyFirstAppTests;
			productReference = 43363FDA1AEB31F000876F3C /* MyFirstAppTests.xctest */;
			productType = "com.apple.product-type.bundle.unit-test";
		};
/* End PBXNativeTarget section */

/* Begin PBXProject section */
		43363FBD1AEB31F000876F3C /* Project object */ = {
			isa = PBXProject;
			attributes = {
				LastUpgradeCheck = 0620;
				ORGANIZATIONNAME = blue210;
				TargetAttributes = {
					43363FC41AEB31F000876F3C = {
						CreatedOnToolsVersion = 6.2;
					};
					43363FD91AEB31F000876F3C = {
						CreatedOnToolsVersion = 6.2;
						TestTargetID = 43363FC41AEB31F000876F3C;
					};
				};
			};
			buildConfigurationList = 43363FC01AEB31F000876F3C /* Build configuration list for PBXProject "MyFirstApp" */;
			compatibilityVersion = "Xcode 3.2";
			developmentRegion = English;
			hasScannedForEncodings = 0;
			knownRegions = (
				en,
				Base,
			);
			mainGroup = 43363FBC1AEB31F000876F3C;
			productRefGroup = 43363FC61AEB31F000876F3C /* Products */;
			projectDirPath = "";
			projectRoot = "";
			targets = (
				43363FC41AEB31F000876F3C /* MyFirstApp */,
				43363FD91AEB31F000876F3C /* MyFirstAppTests */,
			);
		};
/* End PBXProject section */

/* Begin PBXResourcesBuildPhase section */
		43363FC31AEB31F000876F3C /* Resources */ = {
			isa = PBXResourcesBuildPhase;
			buildActionMask = 2147483647;
			files = (
				43363FD01AEB31F000876F3C /* Main.storyboard in Resources */,
				43363FD51AEB31F000876F3C /* LaunchScreen.xib in Resources */,
				43363FD21AEB31F000876F3C /* Images.xcassets in Resources */,
			);
			runOnlyForDeploymentPostprocessing = 0;
		};
		43363FD81AEB31F000876F3C /* Resources */ = {
			isa = PBXResourcesBuildPhase;
			buildActionMask = 2147483647;
			files = (
			);
			runOnlyForDeploymentPostprocessing = 0;
		};
/* End PBXResourcesBuildPhase section */

/* Begin PBXSourcesBuildPhase section */
		43363FC11AEB31F000876F3C /* Sources */ = {
			isa = PBXSourcesBuildPhase;
			buildActionMask = 2147483647;
			files = (
				43363FCD1AEB31F000876F3C /* ViewController.swift in Sources */,
				43363FCB1AEB31F000876F3C /* AppDelegate.swift in Sources */,
			);
			runOnlyForDeploymentPostprocessing = 0;
		};
		43363FD61AEB31F000876F3C /* Sources */ = {
			isa = PBXSourcesBuildPhase;
			buildActionMask = 2147483647;
			files = (
				43363FE11AEB31F000876F3C /* MyFirstAppTests.swift in Sources */,
			);
			runOnlyForDeploymentPostprocessing = 0;
		};
/* End PBXSourcesBuildPhase section */

/* Begin PBXTargetDependency section */
		43363FDC1AEB31F000876F3C /* PBXTargetDependency */ = {
			isa = PBXTargetDependency;
			target = 43363FC41AEB31F000876F3C /* MyFirstApp */;
			targetProxy = 43363FDB1AEB31F000876F3C /* PBXContainerItemProxy */;
		};
/* End PBXTargetDependency section */

/* Begin PBXVariantGroup section */
		43363FCE1AEB31F000876F3C /* Main.storyboard */ = {
			isa = PBXVariantGroup;
			children = (
				43363FCF1AEB31F000876F3C /* Base */,
			);
			name = Main.storyboard;
			sourceTree = "<group>";
		};
		43363FD31AEB31F000876F3C /* LaunchScreen.xib */ = {
			isa = PBXVariantGroup;
			children = (
				43363FD41AEB31F000876F3C /* Base */,
			);
			name = LaunchScreen.xib;
			sourceTree = "<group>";
		};
/* End PBXVariantGroup section */

/* Begin XCBuildConfiguration section */
		43363FE21AEB31F000876F3C /* Debug */ = {
			isa = XCBuildConfiguration;
			buildSettings = {
				ALWAYS_SEARCH_USER_PATHS = NO;
				CLANG_CXX_LANGUAGE_STANDARD = "gnu++0x";
				CLANG_CXX_LIBRARY = "libc++";
				CLANG_ENABLE_MODULES = YES;
				CLANG_ENABLE_OBJC_ARC = YES;
				CLANG_WARN_BOOL_CONVERSION = YES;
				CLANG_WARN_CONSTANT_CONVERSION = YES;
				CLANG_WARN_DIRECT_OBJC_ISA_USAGE = YES_ERROR;
				CLANG_WARN_EMPTY_BODY = YES;
				CLANG_WARN_ENUM_CONVERSION = YES;
				CLANG_WARN_INT_CONVERSION = YES;
				CLANG_WARN_OBJC_ROOT_CLASS = YES_ERROR;
				CLANG_WARN_UNREACHABLE_CODE = YES;
				CLANG_WARN__DUPLICATE_METHOD_MATCH = YES;
				"CODE_SIGN_IDENTITY[sdk=iphoneos*]" = "iPhone Developer";
				COPY_PHASE_STRIP = NO;
				ENABLE_STRICT_OBJC_MSGSEND = YES;
				GCC_C_LANGUAGE_STANDARD = gnu99;
				GCC_DYNAMIC_NO_PIC = NO;
				GCC_OPTIMIZATION_LEVEL = 0;
				GCC_PREPROCESSOR_DEFINITIONS = (
					"DEBUG=1",
					"$(inherited)",
				);
				GCC_SYMBOLS_PRIVATE_EXTERN = NO;
				GCC_WARN_64_TO_32_BIT_CONVERSION = YES;
				GCC_WARN_ABOUT_RETURN_TYPE = YES_ERROR;
				GCC_WARN_UNDECLARED_SELECTOR = YES;
				GCC_WARN_UNINITIALIZED_AUTOS = YES_AGGRESSIVE;
				GCC_WARN_UNUSED_FUNCTION = YES;
				GCC_WARN_UNUSED_VARIABLE = YES;
				IPHONEOS_DEPLOYMENT_TARGET = 8.2;
				MTL_ENABLE_DEBUG_INFO = YES;
				ONLY_ACTIVE_ARCH = YES;
				SDKROOT = iphoneos;
				SWIFT_OPTIMIZATION_LEVEL = "-Onone";
			};
			name = Debug;
		};
		43363FE31AEB31F000876F3C /* Release */ = {
			isa = XCBuildConfiguration;
			buildSettings = {
				ALWAYS_SEARCH_USER_PATHS = NO;
				CLANG_CXX_LANGUAGE_STANDARD = "gnu++0x";
				CLANG_CXX_LIBRARY = "libc++";
				CLANG_ENABLE_MODULES = YES;
				CLANG_ENABLE_OBJC_ARC = YES;
				CLANG_WARN_BOOL_CONVERSION = YES;
				CLANG_WARN_CONSTANT_CONVERSION = YES;
				CLANG_WARN_DIRECT_OBJC_ISA_USAGE = YES_ERROR;
				CLANG_WARN_EMPTY_BODY = YES;
				CLANG_WARN_ENUM_CONVERSION = YES;
				CLANG_WARN_INT_CONVERSION = YES;
				CLANG_WARN_OBJC_ROOT_CLASS = YES_ERROR;
				CLANG_WARN_UNREACHABLE_CODE = YES;
				CLANG_WARN__DUPLICATE_METHOD_MATCH = YES;
				"CODE_SIGN_IDENTITY[sdk=iphoneos*]" = "iPhone Developer";
				COPY_PHASE_STRIP = NO;
				ENABLE_NS_ASSERTIONS = NO;
				ENABLE_STRICT_OBJC_MSGSEND = YES;
				GCC_C_LANGUAGE_STANDARD = gnu99;
				GCC_WARN_64_TO_32_BIT_CONVERSION = YES;
				GCC_WARN_ABOUT_RETURN_TYPE = YES_ERROR;
				GCC_WARN_UNDECLARED_SELECTOR = YES;
				GCC_WARN_UNINITIALIZED_AUTOS = YES_AGGRESSIVE;
				GCC_WARN_UNUSED_FUNCTION = YES;
				GCC_WARN_UNUSED_VARIABLE = YES;
				IPHONEOS_DEPLOYMENT_TARGET = 8.2;
				MTL_ENABLE_DEBUG_INFO = NO;
				SDKROOT = iphoneos;
				VALIDATE_PRODUCT = YES;
			};
			name = Release;
		};
		43363FE51AEB31F000876F3C /* Debug */ = {
			isa = XCBuildConfiguration;
			buildSettings = {
				ASSETCATALOG_COMPILER_APPICON_NAME = AppIcon;
				INFOPLIST_FILE = MyFirstApp/Info.plist;
				LD_RUNPATH_SEARCH_PATHS = "$(inherited) @executable_path/Frameworks";
				PRODUCT_NAME = "$(TARGET_NAME)";
			};
			name = Debug;
		};
		43363FE61AEB31F000876F3C /* Release */ = {
			isa = XCBuildConfiguration;
			buildSettings = {
				ASSETCATALOG_COMPILER_APPICON_NAME = AppIcon;
				INFOPLIST_FILE = MyFirstApp/Info.plist;
				LD_RUNPATH_SEARCH_PATHS = "$(inherited) @executable_path/Frameworks";
				PRODUCT_NAME = "$(TARGET_NAME)";
			};
			name = Release;
		};
		43363FE81AEB31F000876F3C /* Debug */ = {
			isa = XCBuildConfiguration;
			buildSettings = {
				BUNDLE_LOADER = "$(TEST_HOST)";
				FRAMEWORK_SEARCH_PATHS = (
					"$(SDKROOT)/Developer/Library/Frameworks",
					"$(inherited)",
				);
				GCC_PREPROCESSOR_DEFINITIONS = (
					"DEBUG=1",
					"$(inherited)",
				);
				INFOPLIST_FILE = MyFirstAppTests/Info.plist;
				LD_RUNPATH_SEARCH_PATHS = "$(inherited) @executable_path/Frameworks @loader_path/Frameworks";
				PRODUCT_NAME = "$(TARGET_NAME)";
				TEST_HOST = "$(BUILT_PRODUCTS_DIR)/MyFirstApp.app/MyFirstApp";
			};
			name = Debug;
		};
		43363FE91AEB31F000876F3C /* Release */ = {
			isa = XCBuildConfiguration;
			buildSettings = {
				BUNDLE_LOADER = "$(TEST_HOST)";
				FRAMEWORK_SEARCH_PATHS = (
					"$(SDKROOT)/Developer/Library/Frameworks",
					"$(inherited)",
				);
				INFOPLIST_FILE = MyFirstAppTests/Info.plist;
				LD_RUNPATH_SEARCH_PATHS = "$(inherited) @executable_path/Frameworks @loader_path/Frameworks";
				PRODUCT_NAME = "$(TARGET_NAME)";
				TEST_HOST = "$(BUILT_PRODUCTS_DIR)/MyFirstApp.app/MyFirstApp";
			};
			name = Release;
		};
/* End XCBuildConfiguration section */

/* Begin XCConfigurationList section */
		43363FC01AEB31F000876F3C /* Build configuration list for PBXProject "MyFirstApp" */ = {
			isa = XCConfigurationList;
			buildConfigurations = (
				43363FE21AEB31F000876F3C /* Debug */,
				43363FE31AEB31F000876F3C /* Release */,
			);
			defaultConfigurationIsVisible = 0;
			defaultConfigurationName = Release;
		};
		43363FE41AEB31F000876F3C /* Build configuration list for PBXNativeTarget "MyFirstApp" */ = {
			isa = XCConfigurationList;
			buildConfigurations = (
				43363FE51AEB31F000876F3C /* Debug */,
				43363FE61AEB31F000876F3C /* Release */,
			);
			defaultConfigurationIsVisible = 0;
		};
		43363FE71AEB31F000876F3C /* Build configuration list for PBXNativeTarget "MyFirstAppTests" */ = {
			isa = XCConfigurationList;
			buildConfigurations = (
				43363FE81AEB31F000876F3C /* Debug */,
				43363FE91AEB31F000876F3C /* Release */,
			);
			defaultConfigurationIsVisible = 0;
		};
/* End XCConfigurationList section */
	};
	rootObject = 43363FBD1AEB31F000876F3C /* Project object */;
}
